{
  "name": "backend",
  "lockfileVersion": 3,
  "requires": true,
  "packages": {
    "": {
      "dependencies": {
        "pdfplumber": "^0.0.1-security"
      }
    },
    "node_modules/pdfplumber": {
      "version": "0.0.1-security",
      "resolved": "https://registry.npmjs.org/pdfplumber/-/pdfplumber-0.0.1-security.tgz",
      "integrity": "sha512-fBPCmZlZlZbOhvRJFdpUsh/EYsigtuMspi31GYOeMJJZIsvUo2SV5ahGBM5+pqvpQnBA/eI2WP2jhlrjtQ/u0Q=="
    }
  }
}
